// !$*UTF8*$!
{
	archiveVersion = 1;
	classes = {
	};
	objectVersion = 50;
	objects = {

/* Begin PBXBuildFile section */
		45AF41982494528700D40FF2 /* AppDelegate.swift in Sources */ = {isa = PBXBuildFile; fileRef = 45AF41972494528700D40FF2 /* AppDelegate.swift */; };
		45AF419A2494528700D40FF2 /* GameScene.sks in Resources */ = {isa = PBXBuildFile; fileRef = 45AF41992494528700D40FF2 /* GameScene.sks */; };
		45AF419E2494528700D40FF2 /* GameScene.swift in Sources */ = {isa = PBXBuildFile; fileRef = 45AF419D2494528700D40FF2 /* GameScene.swift */; };
		45AF41A02494528700D40FF2 /* GameViewController.swift in Sources */ = {isa = PBXBuildFile; fileRef = 45AF419F2494528700D40FF2 /* GameViewController.swift */; };
		45AF41A32494528700D40FF2 /* Main.storyboard in Resources */ = {isa = PBXBuildFile; fileRef = 45AF41A12494528700D40FF2 /* Main.storyboard */; };
		45AF41A52494528A00D40FF2 /* Assets.xcassets in Resources */ = {isa = PBXBuildFile; fileRef = 45AF41A42494528A00D40FF2 /* Assets.xcassets */; };
		45AF41A82494528A00D40FF2 /* LaunchScreen.storyboard in Resources */ = {isa = PBXBuildFile; fileRef = 45AF41A62494528A00D40FF2 /* LaunchScreen.storyboard */; };
		45AF41B12494531500D40FF2 /* Creature.swift in Sources */ = {isa = PBXBuildFile; fileRef = 45AF41B02494531500D40FF2 /* Creature.swift */; };
		45AF41B32494572000D40FF2 /* CreatureData.swift in Sources */ = {isa = PBXBuildFile; fileRef = 45AF41B22494572000D40FF2 /* CreatureData.swift */; };
		45AF41B5249459B100D40FF2 /* Extensions.swift in Sources */ = {isa = PBXBuildFile; fileRef = 45AF41B4249459B100D40FF2 /* Extensions.swift */; };
		45AF41B724945AB900D40FF2 /* Entity.swift in Sources */ = {isa = PBXBuildFile; fileRef = 45AF41B624945AB900D40FF2 /* Entity.swift */; };
		45AF41B924945FFF00D40FF2 /* Animatable.swift in Sources */ = {isa = PBXBuildFile; fileRef = 45AF41B824945FFF00D40FF2 /* Animatable.swift */; };
		45AF41BB249477D000D40FF2 /* CreatureManager.swift in Sources */ = {isa = PBXBuildFile; fileRef = 45AF41BA249477D000D40FF2 /* CreatureManager.swift */; };
/* End PBXBuildFile section */

/* Begin PBXFileReference section */
		45AF41942494528700D40FF2 /* HoMaMTypeGame2.app */ = {isa = PBXFileReference; explicitFileType = wrapper.application; includeInIndex = 0; path = HoMaMTypeGame2.app; sourceTree = BUILT_PRODUCTS_DIR; };
		45AF41972494528700D40FF2 /* AppDelegate.swift */ = {isa = PBXFileReference; lastKnownFileType = sourcecode.swift; path = AppDelegate.swift; sourceTree = "<group>"; };
		45AF41992494528700D40FF2 /* GameScene.sks */ = {isa = PBXFileReference; lastKnownFileType = file.sks; path = GameScene.sks; sourceTree = "<group>"; };
		45AF419D2494528700D40FF2 /* GameScene.swift */ = {isa = PBXFileReference; lastKnownFileType = sourcecode.swift; path = GameScene.swift; sourceTree = "<group>"; };
		45AF419F2494528700D40FF2 /* GameViewController.swift */ = {isa = PBXFileReference; lastKnownFileType = sourcecode.swift; path = GameViewController.swift; sourceTree = "<group>"; };
		45AF41A22494528700D40FF2 /* Base */ = {isa = PBXFileReference; lastKnownFileType = file.storyboard; name = Base; path = Base.lproj/Main.storyboard; sourceTree = "<group>"; };
		45AF41A42494528A00D40FF2 /* Assets.xcassets */ = {isa = PBXFileReference; lastKnownFileType = folder.assetcatalog; path = Assets.xcassets; sourceTree = "<group>"; };
		45AF41A72494528A00D40FF2 /* Base */ = {isa = PBXFileReference; lastKnownFileType = file.storyboard; name = Base; path = Base.lproj/LaunchScreen.storyboard; sourceTree = "<group>"; };
		45AF41A92494528A00D40FF2 /* Info.plist */ = {isa = PBXFileReference; lastKnownFileType = text.plist.xml; path = Info.plist; sourceTree = "<group>"; };
		45AF41B02494531500D40FF2 /* Creature.swift */ = {isa = PBXFileReference; lastKnownFileType = sourcecode.swift; path = Creature.swift; sourceTree = "<group>"; };
		45AF41B22494572000D40FF2 /* CreatureData.swift */ = {isa = PBXFileReference; lastKnownFileType = sourcecode.swift; path = CreatureData.swift; sourceTree = "<group>"; };
		45AF41B4249459B100D40FF2 /* Extensions.swift */ = {isa = PBXFileReference; lastKnownFileType = sourcecode.swift; path = Extensions.swift; sourceTree = "<group>"; };
		45AF41B624945AB900D40FF2 /* Entity.swift */ = {isa = PBXFileReference; lastKnownFileType = sourcecode.swift; path = Entity.swift; sourceTree = "<group>"; };
		45AF41B824945FFF00D40FF2 /* Animatable.swift */ = {isa = PBXFileReference; lastKnownFileType = sourcecode.swift; path = Animatable.swift; sourceTree = "<group>"; };
		45AF41BA249477D000D40FF2 /* CreatureManager.swift */ = {isa = PBXFileReference; lastKnownFileType = sourcecode.swift; path = CreatureManager.swift; sourceTree = "<group>"; };
/* End PBXFileReference section */

/* Begin PBXFrameworksBuildPhase section */
		45AF41912494528700D40FF2 /* Frameworks */ = {
			isa = PBXFrameworksBuildPhase;
			buildActionMask = 2147483647;
			files = (
			);
			runOnlyForDeploymentPostprocessing = 0;
		};
/* End PBXFrameworksBuildPhase section */

/* Begin PBXGroup section */
		45AF418B2494528700D40FF2 = {
			isa = PBXGroup;
			children = (
				45AF41962494528700D40FF2 /* HoMaMTypeGame2 */,
				45AF41952494528700D40FF2 /* Products */,
			);
			sourceTree = "<group>";
		};
		45AF41952494528700D40FF2 /* Products */ = {
			isa = PBXGroup;
			children = (
				45AF41942494528700D40FF2 /* HoMaMTypeGame2.app */,
			);
			name = Products;
			sourceTree = "<group>";
		};
		45AF41962494528700D40FF2 /* HoMaMTypeGame2 */ = {
			isa = PBXGroup;
			children = (
				45AF41AF249452F700D40FF2 /* MyClasses */,
				45AF41972494528700D40FF2 /* AppDelegate.swift */,
				45AF41992494528700D40FF2 /* GameScene.sks */,
				45AF419D2494528700D40FF2 /* GameScene.swift */,
				45AF419F2494528700D40FF2 /* GameViewController.swift */,
				45AF41A12494528700D40FF2 /* Main.storyboard */,
				45AF41A42494528A00D40FF2 /* Assets.xcassets */,
				45AF41A62494528A00D40FF2 /* LaunchScreen.storyboard */,
				45AF41A92494528A00D40FF2 /* Info.plist */,
			);
			path = HoMaMTypeGame2;
			sourceTree = "<group>";
		};
		45AF41AF249452F700D40FF2 /* MyClasses */ = {
			isa = PBXGroup;
			children = (
				45AF41B02494531500D40FF2 /* Creature.swift */,
				45AF41B22494572000D40FF2 /* CreatureData.swift */,
				45AF41B4249459B100D40FF2 /* Extensions.swift */,
				45AF41B624945AB900D40FF2 /* Entity.swift */,
				45AF41B824945FFF00D40FF2 /* Animatable.swift */,
				45AF41BA249477D000D40FF2 /* CreatureManager.swift */,
			);
			path = MyClasses;
			sourceTree = "<group>";
		};
/* End PBXGroup section */

/* Begin PBXNativeTarget section */
		45AF41932494528700D40FF2 /* HoMaMTypeGame2 */ = {
			isa = PBXNativeTarget;
			buildConfigurationList = 45AF41AC2494528A00D40FF2 /* Build configuration list for PBXNativeTarget "HoMaMTypeGame2" */;
			buildPhases = (
				45AF41902494528700D40FF2 /* Sources */,
				45AF41912494528700D40FF2 /* Frameworks */,
				45AF41922494528700D40FF2 /* Resources */,
			);
			buildRules = (
			);
			dependencies = (
			);
			name = HoMaMTypeGame2;
			productName = HoMaMTypeGame2;
			productReference = 45AF41942494528700D40FF2 /* HoMaMTypeGame2.app */;
			productType = "com.apple.product-type.application";
		};
/* End PBXNativeTarget section */

/* Begin PBXProject section */
		45AF418C2494528700D40FF2 /* Project object */ = {
			isa = PBXProject;
			attributes = {
				LastSwiftUpdateCheck = 1150;
				LastUpgradeCheck = 1150;
				ORGANIZATIONNAME = "Scott Vander Pryt";
				TargetAttributes = {
					45AF41932494528700D40FF2 = {
						CreatedOnToolsVersion = 11.5;
					};
				};
			};
			buildConfigurationList = 45AF418F2494528700D40FF2 /* Build configuration list for PBXProject "HoMaMTypeGame2" */;
			compatibilityVersion = "Xcode 9.3";
			developmentRegion = en;
			hasScannedForEncodings = 0;
			knownRegions = (
				en,
				Base,
			);
			mainGroup = 45AF418B2494528700D40FF2;
			productRefGroup = 45AF41952494528700D40FF2 /* Products */;
			projectDirPath = "";
			projectRoot = "";
			targets = (
				45AF41932494528700D40FF2 /* HoMaMTypeGame2 */,
			);
		};
/* End PBXProject section */

/* Begin PBXResourcesBuildPhase section */
		45AF41922494528700D40FF2 /* Resources */ = {
			isa = PBXResourcesBuildPhase;
			buildActionMask = 2147483647;
			files = (
				45AF41A32494528700D40FF2 /* Main.storyboard in Resources */,
				45AF419A2494528700D40FF2 /* GameScene.sks in Resources */,
				45AF41A52494528A00D40FF2 /* Assets.xcassets in Resources */,
				45AF41A82494528A00D40FF2 /* LaunchScreen.storyboard in Resources */,
			);
			runOnlyForDeploymentPostprocessing = 0;
		};
/* End PBXResourcesBuildPhase section */

/* Begin PBXSourcesBuildPhase section */
		45AF41902494528700D40FF2 /* Sources */ = {
			isa = PBXSourcesBuildPhase;
			buildActionMask = 2147483647;
			files = (
				45AF41B12494531500D40FF2 /* Creature.swift in Sources */,
				45AF41B924945FFF00D40FF2 /* Animatable.swift in Sources */,
				45AF41B5249459B100D40FF2 /* Extensions.swift in Sources */,
				45AF41BB249477D000D40FF2 /* CreatureManager.swift in Sources */,
				45AF41B724945AB900D40FF2 /* Entity.swift in Sources */,
				45AF419E2494528700D40FF2 /* GameScene.swift in Sources */,
				45AF41A02494528700D40FF2 /* GameViewController.swift in Sources */,
				45AF41B32494572000D40FF2 /* CreatureData.swift in Sources */,
				45AF41982494528700D40FF2 /* AppDelegate.swift in Sources */,
			);
			runOnlyForDeploymentPostprocessing = 0;
		};
/* End PBXSourcesBuildPhase section */

/* Begin PBXVariantGroup section */
		45AF41A12494528700D40FF2 /* Main.storyboard */ = {
			isa = PBXVariantGroup;
			children = (
				45AF41A22494528700D40FF2 /* Base */,
			);
			name = Main.storyboard;
			sourceTree = "<group>";
		};
		45AF41A62494528A00D40FF2 /* LaunchScreen.storyboard */ = {
			isa = PBXVariantGroup;
			children = (
				45AF41A72494528A00D40FF2 /* Base */,
			);
			name = LaunchScreen.storyboard;
			sourceTree = "<group>";
		};
/* End PBXVariantGroup section */

/* Begin XCBuildConfiguration section */
		45AF41AA2494528A00D40FF2 /* Debug */ = {
			isa = XCBuildConfiguration;
			buildSettings = {
				ALWAYS_SEARCH_USER_PATHS = NO;
				CLANG_ANALYZER_NONNULL = YES;
				CLANG_ANALYZER_NUMBER_OBJECT_CONVERSION = YES_AGGRESSIVE;
				CLANG_CXX_LANGUAGE_STANDARD = "gnu++14";
				CLANG_CXX_LIBRARY = "libc++";
				CLANG_ENABLE_MODULES = YES;
				CLANG_ENABLE_OBJC_ARC = YES;
				CLANG_ENABLE_OBJC_WEAK = YES;
				CLANG_WARN_BLOCK_CAPTURE_AUTORELEASING = YES;
				CLANG_WARN_BOOL_CONVERSION = YES;
				CLANG_WARN_COMMA = YES;
				CLANG_WARN_CONSTANT_CONVERSION = YES;
				CLANG_WARN_DEPRECATED_OBJC_IMPLEMENTATIONS = YES;
				CLANG_WARN_DIRECT_OBJC_ISA_USAGE = YES_ERROR;
				CLANG_WARN_DOCUMENTATION_COMMENTS = YES;
				CLANG_WARN_EMPTY_BODY = YES;
				CLANG_WARN_ENUM_CONVERSION = YES;
				CLANG_WARN_INFINITE_RECURSION = YES;
				CLANG_WARN_INT_CONVERSION = YES;
				CLANG_WARN_NON_LITERAL_NULL_CONVERSION = YES;
				CLANG_WARN_OBJC_IMPLICIT_RETAIN_SELF = YES;
				CLANG_WARN_OBJC_LITERAL_CONVERSION = YES;
				CLANG_WARN_OBJC_ROOT_CLASS = YES_ERROR;
				CLANG_WARN_RANGE_LOOP_ANALYSIS = YES;
				CLANG_WARN_STRICT_PROTOTYPES = YES;
				CLANG_WARN_SUSPICIOUS_MOVE = YES;
				CLANG_WARN_UNGUARDED_AVAILABILITY = YES_AGGRESSIVE;
				CLANG_WARN_UNREACHABLE_CODE = YES;
				CLANG_WARN__DUPLICATE_METHOD_MATCH = YES;
				COPY_PHASE_STRIP = NO;
				DEBUG_INFORMATION_FORMAT = dwarf;
				ENABLE_STRICT_OBJC_MSGSEND = YES;
				ENABLE_TESTABILITY = YES;
				GCC_C_LANGUAGE_STANDARD = gnu11;
				GCC_DYNAMIC_NO_PIC = NO;
				GCC_NO_COMMON_BLOCKS = YES;
				GCC_OPTIMIZATION_LEVEL = 0;
				GCC_PREPROCESSOR_DEFINITIONS = (
					"DEBUG=1",
					"$(inherited)",
				);
				GCC_WARN_64_TO_32_BIT_CONVERSION = YES;
				GCC_WARN_ABOUT_RETURN_TYPE = YES_ERROR;
				GCC_WARN_UNDECLARED_SELECTOR = YES;
				GCC_WARN_UNINITIALIZED_AUTOS = YES_AGGRESSIVE;
				GCC_WARN_UNUSED_FUNCTION = YES;
				GCC_WARN_UNUSED_VARIABLE = YES;
				IPHONEOS_DEPLOYMENT_TARGET = 13.5;
				MTL_ENABLE_DEBUG_INFO = INCLUDE_SOURCE;
				MTL_FAST_MATH = YES;
				ONLY_ACTIVE_ARCH = YES;
				SDKROOT = iphoneos;
				SWIFT_ACTIVE_COMPILATION_CONDITIONS = DEBUG;
				SWIFT_OPTIMIZATION_LEVEL = "-Onone";
			};
			name = Debug;
		};
		45AF41AB2494528A00D40FF2 /* Release */ = {
			isa = XCBuildConfiguration;
			buildSettings = {
				ALWAYS_SEARCH_USER_PATHS = NO;
				CLANG_ANALYZER_NONNULL = YES;
				CLANG_ANALYZER_NUMBER_OBJECT_CONVERSION = YES_AGGRESSIVE;
				CLANG_CXX_LANGUAGE_STANDARD = "gnu++14";
				CLANG_CXX_LIBRARY = "libc++";
				CLANG_ENABLE_MODULES = YES;
				CLANG_ENABLE_OBJC_ARC = YES;
				CLANG_ENABLE_OBJC_WEAK = YES;
				CLANG_WARN_BLOCK_CAPTURE_AUTORELEASING = YES;
				CLANG_WARN_BOOL_CONVERSION = YES;
				CLANG_WARN_COMMA = YES;
				CLANG_WARN_CONSTANT_CONVERSION = YES;
				CLANG_WARN_DEPRECATED_OBJC_IMPLEMENTATIONS = YES;
				CLANG_WARN_DIRECT_OBJC_ISA_USAGE = YES_ERROR;
				CLANG_WARN_DOCUMENTATION_COMMENTS = YES;
				CLANG_WARN_EMPTY_BODY = YES;
				CLANG_WARN_ENUM_CONVERSION = YES;
				CLANG_WARN_INFINITE_RECURSION = YES;
				CLANG_WARN_INT_CONVERSION = YES;
				CLANG_WARN_NON_LITERAL_NULL_CONVERSION = YES;
				CLANG_WARN_OBJC_IMPLICIT_RETAIN_SELF = YES;
				CLANG_WARN_OBJC_LITERAL_CONVERSION = YES;
				CLANG_WARN_OBJC_ROOT_CLASS = YES_ERROR;
				CLANG_WARN_RANGE_LOOP_ANALYSIS = YES;
				CLANG_WARN_STRICT_PROTOTYPES = YES;
				CLANG_WARN_SUSPICIOUS_MOVE = YES;
				CLANG_WARN_UNGUARDED_AVAILABILITY = YES_AGGRESSIVE;
				CLANG_WARN_UNREACHABLE_CODE = YES;
				CLANG_WARN__DUPLICATE_METHOD_MATCH = YES;
				COPY_PHASE_STRIP = NO;
				DEBUG_INFORMATION_FORMAT = "dwarf-with-dsym";
				ENABLE_NS_ASSERTIONS = NO;
				ENABLE_STRICT_OBJC_MSGSEND = YES;
				GCC_C_LANGUAGE_STANDARD = gnu11;
				GCC_NO_COMMON_BLOCKS = YES;
				GCC_WARN_64_TO_32_BIT_CONVERSION = YES;
				GCC_WARN_ABOUT_RETURN_TYPE = YES_ERROR;
				GCC_WARN_UNDECLARED_SELECTOR = YES;
				GCC_WARN_UNINITIALIZED_AUTOS = YES_AGGRESSIVE;
				GCC_WARN_UNUSED_FUNCTION = YES;
				GCC_WARN_UNUSED_VARIABLE = YES;
				IPHONEOS_DEPLOYMENT_TARGET = 13.5;
				MTL_ENABLE_DEBUG_INFO = NO;
				MTL_FAST_MATH = YES;
				SDKROOT = iphoneos;
				SWIFT_COMPILATION_MODE = wholemodule;
				SWIFT_OPTIMIZATION_LEVEL = "-O";
				VALIDATE_PRODUCT = YES;
			};
			name = Release;
		};
		45AF41AD2494528A00D40FF2 /* Debug */ = {
			isa = XCBuildConfiguration;
			buildSettings = {
				ASSETCATALOG_COMPILER_APPICON_NAME = AppIcon;
				CODE_SIGN_STYLE = Automatic;
				DEVELOPMENT_TEAM = N4L4K7P3FP;
				INFOPLIST_FILE = HoMaMTypeGame2/Info.plist;
				LD_RUNPATH_SEARCH_PATHS = (
					"$(inherited)",
					"@executable_path/Frameworks",
				);
				PRODUCT_BUNDLE_IDENTIFIER = com.KryptKeeperGames.HoMaMTypeGame2;
				PRODUCT_NAME = "$(TARGET_NAME)";
				SWIFT_VERSION = 5.0;
				TARGETED_DEVICE_FAMILY = "1,2";
			};
			name = Debug;
		};
		45AF41AE2494528A00D40FF2 /* Release */ = {
			isa = XCBuildConfiguration;
			buildSettings = {
				ASSETCATALOG_COMPILER_APPICON_NAME = AppIcon;
				CODE_SIGN_STYLE = Automatic;
				DEVELOPMENT_TEAM = N4L4K7P3FP;
				INFOPLIST_FILE = HoMaMTypeGame2/Info.plist;
				LD_RUNPATH_SEARCH_PATHS = (
					"$(inherited)",
					"@executable_path/Frameworks",
				);
				PRODUCT_BUNDLE_IDENTIFIER = com.KryptKeeperGames.HoMaMTypeGame2;
				PRODUCT_NAME = "$(TARGET_NAME)";
				SWIFT_VERSION = 5.0;
				TARGETED_DEVICE_FAMILY = "1,2";
			};
			name = Release;
		};
/* End XCBuildConfiguration section */

/* Begin XCConfigurationList section */
		45AF418F2494528700D40FF2 /* Build configuration list for PBXProject "HoMaMTypeGame2" */ = {
			isa = XCConfigurationList;
			buildConfigurations = (
				45AF41AA2494528A00D40FF2 /* Debug */,
				45AF41AB2494528A00D40FF2 /* Release */,
			);
			defaultConfigurationIsVisible = 0;
			defaultConfigurationName = Release;
		};
		45AF41AC2494528A00D40FF2 /* Build configuration list for PBXNativeTarget "HoMaMTypeGame2" */ = {
			isa = XCConfigurationList;
			buildConfigurations = (
				45AF41AD2494528A00D40FF2 /* Debug */,
				45AF41AE2494528A00D40FF2 /* Release */,
			);
			defaultConfigurationIsVisible = 0;
			defaultConfigurationName = Release;
		};
/* End XCConfigurationList section */
	};
	rootObject = 45AF418C2494528700D40FF2 /* Project object */;
}
